
Microsoft Visual Studio Solution File, Format Version 12.00
# Visual Studio Version 17
VisualStudioVersion = 17.14.36616.10 d17.14
MinimumVisualStudioVersion = 10.0.40219.1
Project("{888888A0-9F3D-457C-B088-3A5042F75D52}") = "M6 Maps and Hash Tables", "M6 Maps and Hash Tables\M6 Maps and Hash Tables.pyproj", "{8BA9C708-FFD5-4E52-BED7-11B73909734E}"
EndProject
Global
	GlobalSection(SolutionConfigurationPlatforms) = preSolution
		Debug|Any CPU = Debug|Any CPU
		Release|Any CPU = Release|Any CPU
	EndGlobalSection
	GlobalSection(ProjectConfigurationPlatforms) = postSolution
		{8BA9C708-FFD5-4E52-BED7-11B73909734E}.Debug|Any CPU.ActiveCfg = Debug|Any CPU
		{8BA9C708-FFD5-4E52-BED7-11B73909734E}.Release|Any CPU.ActiveCfg = Release|Any CPU
	EndGlobalSection
	GlobalSection(SolutionProperties) = preSolution
		HideSolutionNode = FALSE
	EndGlobalSection
	GlobalSection(ExtensibilityGlobals) = postSolution
		SolutionGuid = {D5EB74A3-1ED5-4BAB-9A97-9F34D5EFC6EC}
	EndGlobalSection
EndGlobal
